
Microsoft Visual Studio Solution File, Format Version 12.00
# Visual Studio 15
VisualStudioVersion = 15.0.27004.2005
MinimumVisualStudioVersion = 10.0.40219.1
Project("{FAE04EC0-301F-11D3-BF4B-00C04F79EFBC}") = "MauMau", "MauMau\MauMau.csproj", "{95AC0F55-E643-40F4-8124-CD2AB96328A8}"
EndProject
Global
	GlobalSection(SolutionConfigurationPlatforms) = preSolution
		Debug|Any CPU = Debug|Any CPU
		Release|Any CPU = Release|Any CPU
	EndGlobalSection
	GlobalSection(ProjectConfigurationPlatforms) = postSolution
		{95AC0F55-E643-40F4-8124-CD2AB96328A8}.Debug|Any CPU.ActiveCfg = Debug|Any CPU
		{95AC0F55-E643-40F4-8124-CD2AB96328A8}.Debug|Any CPU.Build.0 = Debug|Any CPU
		{95AC0F55-E643-40F4-8124-CD2AB96328A8}.Release|Any CPU.ActiveCfg = Release|Any CPU
		{95AC0F55-E643-40F4-8124-CD2AB96328A8}.Release|Any CPU.Build.0 = Release|Any CPU
	EndGlobalSection
	GlobalSection(SolutionProperties) = preSolution
		HideSolutionNode = FALSE
	EndGlobalSection
	GlobalSection(ExtensibilityGlobals) = postSolution
		SolutionGuid = {54222309-0B9F-4BF0-8E52-D6F6B32C4004}
	EndGlobalSection
EndGlobal
